
Microsoft Visual Studio Solution File, Format Version 12.00
# Visual Studio Version 17
VisualStudioVersion = 17.10.35027.167
MinimumVisualStudioVersion = 10.0.40219.1
Project("{FAE04EC0-301F-11D3-BF4B-00C04F79EFBC}") = "TheBurguerBar", "TheBurguerBar\TheBurguerBar.csproj", "{382CEC4D-373C-4877-B449-3FB45D2ED4BA}"
EndProject
Global
	GlobalSection(SolutionConfigurationPlatforms) = preSolution
		Debug|Any CPU = Debug|Any CPU
		Release|Any CPU = Release|Any CPU
	EndGlobalSection
	GlobalSection(ProjectConfigurationPlatforms) = postSolution
		{382CEC4D-373C-4877-B449-3FB45D2ED4BA}.Debug|Any CPU.ActiveCfg = Debug|Any CPU
		{382CEC4D-373C-4877-B449-3FB45D2ED4BA}.Debug|Any CPU.Build.0 = Debug|Any CPU
		{382CEC4D-373C-4877-B449-3FB45D2ED4BA}.Release|Any CPU.ActiveCfg = Release|Any CPU
		{382CEC4D-373C-4877-B449-3FB45D2ED4BA}.Release|Any CPU.Build.0 = Release|Any CPU
	EndGlobalSection
	GlobalSection(SolutionProperties) = preSolution
		HideSolutionNode = FALSE
	EndGlobalSection
	GlobalSection(ExtensibilityGlobals) = postSolution
		SolutionGuid = {0E843DB4-3E92-41B3-865C-0C04053DB78C}
	EndGlobalSection
EndGlobal
